{
  "version": 4,
  "terraform_version": "1.11.2",
  "serial": 74,
  "lineage": "6bab117f-7bc1-5d58-bf22-0c4f2379f1be",
  "outputs": {
    "ssh_connection_command": {
      "value": "ssh -i ec2-key.pem ubuntu@34.234.88.137",
      "type": "string"
    },
    "strapi_admin_url": {
      "value": "http://34.234.88.137:1337/admin",
      "type": "string"
    },
    "strapi_public_ip": {
      "value": "34.234.88.137",
      "type": "string"
    },
    "strapi_url": {
      "value": "http://34.234.88.137:1337",
      "type": "string"
    }
  },
  "resources": [
    {
      "mode": "managed",
      "type": "aws_instance",
      "name": "strapi_ec2",
      "provider": "provider[\"registry.terraform.io/hashicorp/aws\"]",
      "instances": [
        {
          "schema_version": 1,
          "attributes": {
            "ami": "ami-084568db4383264d4",
            "arn": "arn:aws:ec2:us-east-1:626635402783:instance/i-0179ec1c264d4f9a2",
            "associate_public_ip_address": true,
            "availability_zone": "us-east-1a",
            "capacity_reservation_specification": [
              {
                "capacity_reservation_preference": "open",
                "capacity_reservation_target": []
              }
            ],
            "cpu_core_count": 2,
            "cpu_options": [
              {
                "amd_sev_snp": "",
                "core_count": 2,
                "threads_per_core": 1
              }
            ],
            "cpu_threads_per_core": 1,
            "credit_specification": [
              {
                "cpu_credits": "standard"
              }
            ],
            "disable_api_stop": false,
            "disable_api_termination": false,
            "ebs_block_device": [],
            "ebs_optimized": false,
            "enable_primary_ipv6": null,
            "enclave_options": [
              {
                "enabled": false
              }
            ],
            "ephemeral_block_device": [],
            "get_password_data": false,
            "hibernation": false,
            "host_id": "",
            "host_resource_group_arn": null,
            "iam_instance_profile": "",
            "id": "i-0179ec1c264d4f9a2",
            "instance_initiated_shutdown_behavior": "stop",
            "instance_lifecycle": "",
            "instance_market_options": [],
            "instance_state": "running",
            "instance_type": "t2.medium",
            "ipv6_address_count": 0,
            "ipv6_addresses": [],
            "key_name": "ec2-key-unique",
            "launch_template": [],
            "maintenance_options": [
              {
                "auto_recovery": "default"
              }
            ],
            "metadata_options": [
              {
                "http_endpoint": "enabled",
                "http_protocol_ipv6": "disabled",
                "http_put_response_hop_limit": 2,
                "http_tokens": "required",
                "instance_metadata_tags": "disabled"
              }
            ],
            "monitoring": false,
            "network_interface": [],
            "outpost_arn": "",
            "password_data": "",
            "placement_group": "",
            "placement_partition_number": 0,
            "primary_network_interface_id": "eni-0c1a783c9e90418ab",
            "private_dns": "ip-172-31-26-248.ec2.internal",
            "private_dns_name_options": [
              {
                "enable_resource_name_dns_a_record": false,
                "enable_resource_name_dns_aaaa_record": false,
                "hostname_type": "ip-name"
              }
            ],
            "private_ip": "172.31.26.248",
            "public_dns": "ec2-34-234-88-137.compute-1.amazonaws.com",
            "public_ip": "34.234.88.137",
            "root_block_device": [
              {
                "delete_on_termination": true,
                "device_name": "/dev/sda1",
                "encrypted": false,
                "iops": 100,
                "kms_key_id": "",
                "tags": null,
                "tags_all": {},
                "throughput": 0,
                "volume_id": "vol-0b6102cb918d274b3",
                "volume_size": 30,
                "volume_type": "gp2"
              }
            ],
            "secondary_private_ips": [],
            "security_groups": [
              "strapi-sg"
            ],
            "source_dest_check": true,
            "spot_instance_request_id": "",
            "subnet_id": "subnet-0fe13fb7056f00744",
            "tags": {
              "Name": "StrapiApp"
            },
            "tags_all": {
              "Name": "StrapiApp"
            },
            "tenancy": "default",
            "timeouts": null,
            "user_data": "777223ed9957a172f0af84337f50862ed95abe01",
            "user_data_base64": null,
            "user_data_replace_on_change": false,
            "volume_tags": null,
            "vpc_security_group_ids": [
              "sg-06e44049f100da1a9"
            ]
          },
          "sensitive_attributes": [],
          "private": "eyJlMmJmYjczMC1lY2FhLTExZTYtOGY4OC0zNDM2M2JjN2M0YzAiOnsiY3JlYXRlIjo2MDAwMDAwMDAwMDAsImRlbGV0ZSI6MTIwMDAwMDAwMDAwMCwicmVhZCI6OTAwMDAwMDAwMDAwLCJ1cGRhdGUiOjYwMDAwMDAwMDAwMH0sInNjaGVtYV92ZXJzaW9uIjoiMSJ9",
          "dependencies": [
            "aws_key_pair.strapi_key",
            "aws_security_group.strapi_sg"
          ]
        }
      ]
    },
    {
      "mode": "managed",
      "type": "aws_key_pair",
      "name": "strapi_key",
      "provider": "provider[\"registry.terraform.io/hashicorp/aws\"]",
      "instances": [
        {
          "schema_version": 1,
          "attributes": {
            "arn": "arn:aws:ec2:us-east-1:626635402783:key-pair/ec2-key-unique",
            "fingerprint": "dd:d6:54:ca:11:d1:5f:82:b5:d2:7f:63:76:ec:fe:5c",
            "id": "ec2-key-unique",
            "key_name": "ec2-key-unique",
            "key_name_prefix": "",
            "key_pair_id": "key-069fe9affddc4b681",
            "key_type": "rsa",
            "public_key": "ssh-rsa AAAAB3NzaC1yc2EAAAADAQABAAACAQC7pIk6mTfWPW2NiqZadyoj2ftCVFReZJvdAIgFxWdUL5SkauajLaCxofnQry4zmn85vLMTUjj8A+BBSGgNjF6jIRdrTYB5rE2WDnsBBH4WUbP9q/lbhfNlLcomWzkZeQ53Xo/+Fzzooj1cUPbh/3YLKF4+yMlvNyK7Ik2Ay7yGbcal31g347sqvoCvr895moJbv7Tf3J83F6cyNyUUesA0+zg2mp2UkrceN5lb8Zp6ew0zFzus0ADs7JT154ky/r7zZcepW4f/qJ2ujMsQq1qsI9HoSxCcxGpMeJDbRgfsY6dZpaU3Pol7qGBPYc6HCeFuA+iBIDptbq7aJ/FjJHKWV5z0Th/1tlFFbS9RkNglGZXfFuKmdkibe1IpoB/Ch++3OjV1Wlr6WQnNPl5PvdMFfq76dX3atfI5X2onykF5us7A2zUvDE3QJ7I8LjtklxxpXop0m7Z65VJui2lKrN0LyEKilys9ItFgMq5HhtZvbEI5x8dWVzUo+7ynUpIWPfts9nsMW2INUJwCsbv6gCBqVl7XT2sFLaFIp47QiRHN+QgWdz/O0iUHxV63TzDWNaAZmtKl57cQXFKvRZXTgYPGIcFwkWR1PZ/D54t80Jp937lQWDQjfb9pox/eCE/JsERoTUj+QfcAcMnZboyB+lBKaDN/HV5JHS0/dOxQ2Yq+xQ== mac@mac-Pro.local",
            "tags": null,
            "tags_all": {}
          },
          "sensitive_attributes": [],
          "private": "eyJzY2hlbWFfdmVyc2lvbiI6IjEifQ=="
        }
      ]
    },
    {
      "mode": "managed",
      "type": "aws_security_group",
      "name": "strapi_sg",
      "provider": "provider[\"registry.terraform.io/hashicorp/aws\"]",
      "instances": [
        {
          "schema_version": 1,
          "attributes": {
            "arn": "arn:aws:ec2:us-east-1:626635402783:security-group/sg-06e44049f100da1a9",
            "description": "Allow SSH and HTTP",
            "egress": [
              {
                "cidr_blocks": [
                  "0.0.0.0/0"
                ],
                "description": "All outbound traffic",
                "from_port": 0,
                "ipv6_cidr_blocks": [],
                "prefix_list_ids": [],
                "protocol": "-1",
                "security_groups": [],
                "self": false,
                "to_port": 0
              }
            ],
            "id": "sg-06e44049f100da1a9",
            "ingress": [
              {
                "cidr_blocks": [
                  "0.0.0.0/0"
                ],
                "description": "HTTP",
                "from_port": 80,
                "ipv6_cidr_blocks": [],
                "prefix_list_ids": [],
                "protocol": "tcp",
                "security_groups": [],
                "self": false,
                "to_port": 80
              },
              {
                "cidr_blocks": [
                  "0.0.0.0/0"
                ],
                "description": "SSH",
                "from_port": 22,
                "ipv6_cidr_blocks": [],
                "prefix_list_ids": [],
                "protocol": "tcp",
                "security_groups": [],
                "self": false,
                "to_port": 22
              },
              {
                "cidr_blocks": [
                  "0.0.0.0/0"
                ],
                "description": "https",
                "from_port": 443,
                "ipv6_cidr_blocks": [],
                "prefix_list_ids": [],
                "protocol": "tcp",
                "security_groups": [],
                "self": false,
                "to_port": 443
              },
              {
                "cidr_blocks": [
                  "0.0.0.0/0"
                ],
                "description": "strapi",
                "from_port": 1337,
                "ipv6_cidr_blocks": [],
                "prefix_list_ids": [],
                "protocol": "tcp",
                "security_groups": [],
                "self": false,
                "to_port": 1337
              }
            ],
            "name": "strapi-sg",
            "name_prefix": "",
            "owner_id": "626635402783",
            "revoke_rules_on_delete": false,
            "tags": null,
            "tags_all": {},
            "timeouts": null,
            "vpc_id": "vpc-0b368ced48a555ea9"
          },
          "sensitive_attributes": [],
          "private": "eyJlMmJmYjczMC1lY2FhLTExZTYtOGY4OC0zNDM2M2JjN2M0YzAiOnsiY3JlYXRlIjo2MDAwMDAwMDAwMDAsImRlbGV0ZSI6OTAwMDAwMDAwMDAwfSwic2NoZW1hX3ZlcnNpb24iOiIxIn0="
        }
      ]
    }
  ],
  "check_results": null
}
